lockfileVersion: '9.0'

settings:
  autoInstallPeers: true
  excludeLinksFromLockfile: false

importers:

  .:
    dependencies:
      next:
        specifier: 14.2.7
        version: 14.2.7(react-dom@18.3.1(react@18.3.1))(react@18.3.1)
      next-auth:
        specifier: 5.0.0-beta.20
        version: 5.0.0-beta.20(next@14.2.7(react-dom@18.3.1(react@18.3.1))(react@18.3.1))(react@18.3.1)
      next-intl:
        specifier: ^3.19.0
        version: 3.19.0(next@14.2.7(react-dom@18.3.1(react@18.3.1))(react@18.3.1))(react@18.3.1)
      react:
        specifier: ^18
        version: 18.3.1
      react-dom:
        specifier: ^18
        version: 18.3.1(react@18.3.1)
    devDependencies:
      dayjs:
        specifier: ^1.11.13
        version: 1.11.13
      ioredis:
        specifier: ^5.4.1
        version: 5.4.1
      marked:
        specifier: ^14.1.0
        version: 14.1.0
      mime:
        specifier: ^4.0.4
        version: 4.0.4
      sanitize-html:
        specifier: ^2.13.0
        version: 2.13.0
      zod:
        specifier: ^3.23.8
        version: 3.23.8

packages:

  '@auth/core@0.34.2':
    resolution: {integrity: sha512-KywHKRgLiF3l7PLyL73fjLSIBe1YNcA6sMeew4yMP6cfCWGXZrkkXd32AjRi1hlJ9nvovUBGZHvbn+LijO6ZeQ==}
    peerDependencies:
      '@simplewebauthn/browser': ^9.0.1
      '@simplewebauthn/server': ^9.0.2
      nodemailer: ^6.8.0
    peerDependenciesMeta:
      '@simplewebauthn/browser':
        optional: true
      '@simplewebauthn/server':
        optional: true
      nodemailer:
        optional: true

  '@formatjs/ecma402-abstract@2.0.0':
    resolution: {integrity: sha512-rRqXOqdFmk7RYvj4khklyqzcfQl9vEL/usogncBHRZfZBDOwMGuSRNFl02fu5KGHXdbinju+YXyuR+Nk8xlr/g==}

  '@formatjs/fast-memoize@2.2.0':
    resolution: {integrity: sha512-hnk/nY8FyrL5YxwP9e4r9dqeM6cAbo8PeU9UjyXojZMNvVad2Z06FAVHyR3Ecw6fza+0GH7vdJgiKIVXTMbSBA==}

  '@formatjs/icu-messageformat-parser@2.7.8':
    resolution: {integrity: sha512-nBZJYmhpcSX0WeJ5SDYUkZ42AgR3xiyhNCsQweFx3cz/ULJjym8bHAzWKvG5e2+1XO98dBYC0fWeeAECAVSwLA==}

  '@formatjs/icu-skeleton-parser@1.8.2':
    resolution: {integrity: sha512-k4ERKgw7aKGWJZgTarIcNEmvyTVD9FYh0mTrrBMHZ1b8hUu6iOJ4SzsZlo3UNAvHYa+PnvntIwRPt1/vy4nA9Q==}

  '@formatjs/intl-localematcher@0.5.4':
    resolution: {integrity: sha512-zTwEpWOzZ2CiKcB93BLngUX59hQkuZjT2+SAQEscSm52peDW/getsawMcWF1rGRpMCX6D7nSJA3CzJ8gn13N/g==}

  '@ioredis/commands@1.2.0':
    resolution: {integrity: sha512-Sx1pU8EM64o2BrqNpEO1CNLtKQwyhuXuqyfH7oGKCk+1a33d2r5saW8zNwm3j6BTExtjrv2BxTgzzkMwts6vGg==}

  '@next/env@14.2.7':
    resolution: {integrity: sha512-OTx9y6I3xE/eih+qtthppwLytmpJVPM5PPoJxChFsbjIEFXIayG0h/xLzefHGJviAa3Q5+Fd+9uYojKkHDKxoQ==}

  '@next/swc-darwin-arm64@14.2.7':
    resolution: {integrity: sha512-UhZGcOyI9LE/tZL3h9rs/2wMZaaJKwnpAyegUVDGZqwsla6hMfeSj9ssBWQS9yA4UXun3pPhrFLVnw5KXZs3vw==}
    engines: {node: '>= 10'}
    cpu: [arm64]
    os: [darwin]

  '@next/swc-darwin-x64@14.2.7':
    resolution: {integrity: sha512-ys2cUgZYRc+CbyDeLAaAdZgS7N1Kpyy+wo0b/gAj+SeOeaj0Lw/q+G1hp+DuDiDAVyxLBCJXEY/AkhDmtihUTA==}
    engines: {node: '>= 10'}
    cpu: [x64]
    os: [darwin]

  '@next/swc-linux-arm64-gnu@14.2.7':
    resolution: {integrity: sha512-2xoWtE13sUJ3qrC1lwE/HjbDPm+kBQYFkkiVECJWctRASAHQ+NwjMzgrfqqMYHfMxFb5Wws3w9PqzZJqKFdWcQ==}
    engines: {node: '>= 10'}
    cpu: [arm64]
    os: [linux]
    libc: [glibc]

  '@next/swc-linux-arm64-musl@14.2.7':
    resolution: {integrity: sha512-+zJ1gJdl35BSAGpkCbfyiY6iRTaPrt3KTl4SF/B1NyELkqqnrNX6cp4IjjjxKpd64/7enI0kf6b9O1Uf3cL0pw==}
    engines: {node: '>= 10'}
    cpu: [arm64]
    os: [linux]
    libc: [musl]

  '@next/swc-linux-x64-gnu@14.2.7':
    resolution: {integrity: sha512-m6EBqrskeMUzykBrv0fDX/28lWIBGhMzOYaStp0ihkjzIYJiKUOzVYD1gULHc8XDf5EMSqoH/0/TRAgXqpQwmw==}
    engines: {node: '>= 10'}
    cpu: [x64]
    os: [linux]
    libc: [glibc]

  '@next/swc-linux-x64-musl@14.2.7':
    resolution: {integrity: sha512-gUu0viOMvMlzFRz1r1eQ7Ql4OE+hPOmA7smfZAhn8vC4+0swMZaZxa9CSIozTYavi+bJNDZ3tgiSdMjmMzRJlQ==}
    engines: {node: '>= 10'}
    cpu: [x64]
    os: [linux]
    libc: [musl]

  '@next/swc-win32-arm64-msvc@14.2.7':
    resolution: {integrity: sha512-PGbONHIVIuzWlYmLvuFKcj+8jXnLbx4WrlESYlVnEzDsa3+Q2hI1YHoXaSmbq0k4ZwZ7J6sWNV4UZfx1OeOlbQ==}
    engines: {node: '>= 10'}
    cpu: [arm64]
    os: [win32]

  '@next/swc-win32-ia32-msvc@14.2.7':
    resolution: {integrity: sha512-BiSY5umlx9ed5RQDoHcdbuKTUkuFORDqzYKPHlLeS+STUWQKWziVOn3Ic41LuTBvqE0TRJPKpio9GSIblNR+0w==}
    engines: {node: '>= 10'}
    cpu: [ia32]
    os: [win32]

  '@next/swc-win32-x64-msvc@14.2.7':
    resolution: {integrity: sha512-pxsI23gKWRt/SPHFkDEsP+w+Nd7gK37Hpv0ngc5HpWy2e7cKx9zR/+Q2ptAUqICNTecAaGWvmhway7pj/JLEWA==}
    engines: {node: '>= 10'}
    cpu: [x64]
    os: [win32]

  '@panva/hkdf@1.2.1':
    resolution: {integrity: sha512-6oclG6Y3PiDFcoyk8srjLfVKyMfVCKJ27JwNPViuXziFpmdz+MZnZN/aKY0JGXgYuO/VghU0jcOAZgWXZ1Dmrw==}

  '@swc/counter@0.1.3':
    resolution: {integrity: sha512-e2BR4lsJkkRlKZ/qCHPw9ZaSxc0MVUd7gtbtaB7aMvHeJVYe8sOB8DBZkP2DtISHGSku9sCK6T6cnY0CtXrOCQ==}

  '@swc/helpers@0.5.5':
    resolution: {integrity: sha512-KGYxvIOXcceOAbEk4bi/dVLEK9z8sZ0uBB3Il5b1rhfClSpcX0yfRO0KmTkqR2cnQDymwLB+25ZyMzICg/cm/A==}

  '@types/cookie@0.6.0':
    resolution: {integrity: sha512-4Kh9a6B2bQciAhf7FSuMRRkUWecJgJu9nPnx3yzpsfXX/c50REIqpHY4C82bXP90qrLtXtkDxTZosYO3UpOwlA==}

  busboy@1.6.0:
    resolution: {integrity: sha512-8SFQbg/0hQ9xy3UNTB0YEnsNBbWfhf7RtnzpL7TkBiTBRfrQ9Fxcnz7VJsleJpyp6rVLvXiuORqjlHi5q+PYuA==}
    engines: {node: '>=10.16.0'}

  caniuse-lite@1.0.30001655:
    resolution: {integrity: sha512-jRGVy3iSGO5Uutn2owlb5gR6qsGngTw9ZTb4ali9f3glshcNmJ2noam4Mo9zia5P9Dk3jNNydy7vQjuE5dQmfg==}

  client-only@0.0.1:
    resolution: {integrity: sha512-IV3Ou0jSMzZrd3pZ48nLkT9DA7Ag1pnPzaiQhpW7c3RbcqqzvzzVu+L8gfqMp/8IM2MQtSiqaCxrrcfu8I8rMA==}

  cluster-key-slot@1.1.2:
    resolution: {integrity: sha512-RMr0FhtfXemyinomL4hrWcYJxmX6deFdCxpJzhDttxgO1+bcCnkk+9drydLVDmAMG7NE6aN/fl4F7ucU/90gAA==}
    engines: {node: '>=0.10.0'}

  cookie@0.6.0:
    resolution: {integrity: sha512-U71cyTamuh1CRNCfpGY6to28lxvNwPG4Guz/EVjgf3Jmzv0vlDp1atT9eS5dDjMYHucpHbWns6Lwf3BKz6svdw==}
    engines: {node: '>= 0.6'}

  dayjs@1.11.13:
    resolution: {integrity: sha512-oaMBel6gjolK862uaPQOVTA7q3TZhuSvuMQAAglQDOWYO9A91IrAOUJEyKVlqJlHE0vq5p5UXxzdPfMH/x6xNg==}

  debug@4.3.6:
    resolution: {integrity: sha512-O/09Bd4Z1fBrU4VzkhFqVgpPzaGbw6Sm9FEkBT1A/YBXQFGuuSxa1dN2nxgxS34JmKXqYx8CZAwEVoJFImUXIg==}
    engines: {node: '>=6.0'}
    peerDependencies:
      supports-color: '*'
    peerDependenciesMeta:
      supports-color:
        optional: true

  deepmerge@4.3.1:
    resolution: {integrity: sha512-3sUqbMEc77XqpdNO7FRyRog+eW3ph+GYCbj+rK+uYyRMuwsVy0rMiVtPn+QJlKFvWP/1PYpapqYn0Me2knFn+A==}
    engines: {node: '>=0.10.0'}

  denque@2.1.0:
    resolution: {integrity: sha512-HVQE3AAb/pxF8fQAoiqpvg9i3evqug3hoiwakOyZAwJm+6vZehbkYXZ0l4JxS+I3QxM97v5aaRNhj8v5oBhekw==}
    engines: {node: '>=0.10'}

  dom-serializer@2.0.0:
    resolution: {integrity: sha512-wIkAryiqt/nV5EQKqQpo3SToSOV9J0DnbJqwK7Wv/Trc92zIAYZ4FlMu+JPFW1DfGFt81ZTCGgDEabffXeLyJg==}

  domelementtype@2.3.0:
    resolution: {integrity: sha512-OLETBj6w0OsagBwdXnPdN0cnMfF9opN69co+7ZrbfPGrdpPVNBUj02spi6B1N7wChLQiPn4CSH/zJvXw56gmHw==}

  domhandler@5.0.3:
    resolution: {integrity: sha512-cgwlv/1iFQiFnU96XXgROh8xTeetsnJiDsTc7TYCLFd9+/WNkIqPTxiM/8pSd8VIrhXGTf1Ny1q1hquVqDJB5w==}
    engines: {node: '>= 4'}

  domutils@3.1.0:
    resolution: {integrity: sha512-H78uMmQtI2AhgDJjWeQmHwJJ2bLPD3GMmO7Zja/ZZh84wkm+4ut+IUnUdRa8uCGX88DiVx1j6FRe1XfxEgjEZA==}

  entities@4.5.0:
    resolution: {integrity: sha512-V0hjH4dGPh9Ao5p0MoRY6BVqtwCjhz6vI5LT8AJ55H+4g9/4vbHx1I54fS0XuclLhDHArPQCiMjDxjaL8fPxhw==}
    engines: {node: '>=0.12'}

  escape-string-regexp@4.0.0:
    resolution: {integrity: sha512-TtpcNJ3XAzx3Gq8sWRzJaVajRs0uVxA2YAkdb1jm2YkPz4G6egUFAyA3n5vtEIZefPk5Wa4UXbKuS5fKkJWdgA==}
    engines: {node: '>=10'}

  graceful-fs@4.2.11:
    resolution: {integrity: sha512-RbJ5/jmFcNNCcDV5o9eTnBLJ/HszWV0P73bc+Ff4nS/rJj+YaS6IGyiOL0VoBYX+l1Wrl3k63h/KrH+nhJ0XvQ==}

  htmlparser2@8.0.2:
    resolution: {integrity: sha512-GYdjWKDkbRLkZ5geuHs5NY1puJ+PXwP7+fHPRz06Eirsb9ugf6d8kkXav6ADhcODhFFPMIXyxkxSuMf3D6NCFA==}

  intl-messageformat@10.5.14:
    resolution: {integrity: sha512-IjC6sI0X7YRjjyVH9aUgdftcmZK7WXdHeil4KwbjDnRWjnVitKpAx3rr6t6di1joFp5188VqKcobOPA6mCLG/w==}

  ioredis@5.4.1:
    resolution: {integrity: sha512-2YZsvl7jopIa1gaePkeMtd9rAcSjOOjPtpcLlOeusyO+XH2SK5ZcT+UCrElPP+WVIInh2TzeI4XW9ENaSLVVHA==}
    engines: {node: '>=12.22.0'}

  is-plain-object@5.0.0:
    resolution: {integrity: sha512-VRSzKkbMm5jMDoKLbltAkFQ5Qr7VDiTFGXxYFXXowVj387GeGNOCsOH6Msy00SGZ3Fp84b1Naa1psqgcCIEP5Q==}
    engines: {node: '>=0.10.0'}

  jose@5.8.0:
    resolution: {integrity: sha512-E7CqYpL/t7MMnfGnK/eg416OsFCVUrU/Y3Vwe7QjKhu/BkS1Ms455+2xsqZQVN57/U2MHMBvEb5SrmAZWAIntA==}

  js-tokens@4.0.0:
    resolution: {integrity: sha512-RdJUflcE3cUzKiMqQgsCu06FPu9UdIJO0beYbPhHN4k6apgJtifcoCtT9bcxOpYBtpD2kCM6Sbzg4CausW/PKQ==}

  lodash.defaults@4.2.0:
    resolution: {integrity: sha512-qjxPLHd3r5DnsdGacqOMU6pb/avJzdh9tFX2ymgoZE27BmjXrNy/y4LoaiTeAb+O3gL8AfpJGtqfX/ae2leYYQ==}

  lodash.isarguments@3.1.0:
    resolution: {integrity: sha512-chi4NHZlZqZD18a0imDHnZPrDeBbTtVN7GXMwuGdRH9qotxAjYs3aVLKc7zNOG9eddR5Ksd8rvFEBc9SsggPpg==}

  loose-envify@1.4.0:
    resolution: {integrity: sha512-lyuxPGr/Wfhrlem2CL/UcnUc1zcqKAImBDzukY7Y5F/yQiNdko6+fRLevlw1HgMySw7f611UIY408EtxRSoK3Q==}
    hasBin: true

  marked@14.1.0:
    resolution: {integrity: sha512-P93GikH/Pde0hM5TAXEd8I4JAYi8IB03n8qzW8Bh1BIEFpEyBoYxi/XWZA53LSpTeLBiMQOoSMj0u5E/tiVYTA==}
    engines: {node: '>= 18'}
    hasBin: true

  mime@4.0.4:
    resolution: {integrity: sha512-v8yqInVjhXyqP6+Kw4fV3ZzeMRqEW6FotRsKXjRS5VMTNIuXsdRoAvklpoRgSqXm6o9VNH4/C0mgedko9DdLsQ==}
    engines: {node: '>=16'}
    hasBin: true

  ms@2.1.2:
    resolution: {integrity: sha512-sGkPx+VjMtmA6MX27oA4FBFELFCZZ4S4XqeGOXCv68tT+jb3vk/RyaKWP0PTKyWtmLSM0b+adUTEvbs1PEaH2w==}

  nanoid@3.3.7:
    resolution: {integrity: sha512-eSRppjcPIatRIMC1U6UngP8XFcz8MQWGQdt1MTBQ7NaAmvXDfvNxbvWV3x2y6CdEUciCSsDHDQZbhYaB8QEo2g==}
    engines: {node: ^10 || ^12 || ^13.7 || ^14 || >=15.0.1}
    hasBin: true

  negotiator@0.6.3:
    resolution: {integrity: sha512-+EUsqGPLsM+j/zdChZjsnX51g4XrHFOIXwfnCVPGlQk/k5giakcKsuxCObBRu6DSm9opw/O6slWbJdghQM4bBg==}
    engines: {node: '>= 0.6'}

  next-auth@5.0.0-beta.20:
    resolution: {integrity: sha512-+48SjV9k9AtUU3JbEIa4PXNjKIewfFjVGL7Xs2RKkuQ5QqegDNIQiIG8sLk6/qo7RTScQYIGKgeQ5IuQRtrTQg==}
    peerDependencies:
      '@simplewebauthn/browser': ^9.0.1
      '@simplewebauthn/server': ^9.0.2
      next: ^14.0.0-0 || ^15.0.0-0
      nodemailer: ^6.6.5
      react: ^18.2.0 || ^19.0.0-0
    peerDependenciesMeta:
      '@simplewebauthn/browser':
        optional: true
      '@simplewebauthn/server':
        optional: true
      nodemailer:
        optional: true

  next-intl@3.19.0:
    resolution: {integrity: sha512-ciiHYBwR3ztoMdJZgFmt0LII7GYTsLA/MFt3y681q4Lw4fI5EYNCZSYb9XA/BIt3ZX5S1TLUP1uOERy1dIQvMg==}
    peerDependencies:
      next: ^10.0.0 || ^11.0.0 || ^12.0.0 || ^13.0.0 || ^14.0.0
      react: ^16.8.0 || ^17.0.0 || ^18.0.0

  next@14.2.7:
    resolution: {integrity: sha512-4Qy2aK0LwH4eQiSvQWyKuC7JXE13bIopEQesWE0c/P3uuNRnZCQanI0vsrMLmUQJLAto+A+/8+sve2hd+BQuOQ==}
    engines: {node: '>=18.17.0'}
    hasBin: true
    peerDependencies:
      '@opentelemetry/api': ^1.1.0
      '@playwright/test': ^1.41.2
      react: ^18.2.0
      react-dom: ^18.2.0
      sass: ^1.3.0
    peerDependenciesMeta:
      '@opentelemetry/api':
        optional: true
      '@playwright/test':
        optional: true
      sass:
        optional: true

  oauth4webapi@2.12.0:
    resolution: {integrity: sha512-WFmcHzhFtq2Ar91crpGQZUD8DS0SG7Zti1AgbansUAfdpIsoRXE+hcMNi8MW6bGNNObWis0x8BZRl6K+FR4oQg==}

  parse-srcset@1.0.2:
    resolution: {integrity: sha512-/2qh0lav6CmI15FzA3i/2Bzk2zCgQhGMkvhOhKNcBVQ1ldgpbfiNTVslmooUmWJcADi1f1kIeynbDRVzNlfR6Q==}

  picocolors@1.1.0:
    resolution: {integrity: sha512-TQ92mBOW0l3LeMeyLV6mzy/kWr8lkd/hp3mTg7wYK7zJhuBStmGMBG0BdeDZS/dZx1IukaX6Bk11zcln25o1Aw==}

  postcss@8.4.31:
    resolution: {integrity: sha512-PS08Iboia9mts/2ygV3eLpY5ghnUcfLV/EXTOW1E2qYxJKGGBUtNjN76FYHnMs36RmARn41bC0AZmn+rR0OVpQ==}
    engines: {node: ^10 || ^12 || >=14}

  preact-render-to-string@5.2.3:
    resolution: {integrity: sha512-aPDxUn5o3GhWdtJtW0svRC2SS/l8D9MAgo2+AWml+BhDImb27ALf04Q2d+AHqUUOc6RdSXFIBVa2gxzgMKgtZA==}
    peerDependencies:
      preact: '>=10'

  preact@10.11.3:
    resolution: {integrity: sha512-eY93IVpod/zG3uMF22Unl8h9KkrcKIRs2EGar8hwLZZDU1lkjph303V9HZBwufh2s736U6VXuhD109LYqPoffg==}

  pretty-format@3.8.0:
    resolution: {integrity: sha512-WuxUnVtlWL1OfZFQFuqvnvs6MiAGk9UNsBostyBOB0Is9wb5uRESevA6rnl/rkksXaGX3GzZhPup5d6Vp1nFew==}

  react-dom@18.3.1:
    resolution: {integrity: sha512-5m4nQKp+rZRb09LNH59GM4BxTh9251/ylbKIbpe7TpGxfJ+9kv6BLkLBXIjjspbgbnIBNqlI23tRnTWT0snUIw==}
    peerDependencies:
      react: ^18.3.1

  react@18.3.1:
    resolution: {integrity: sha512-wS+hAgJShR0KhEvPJArfuPVN1+Hz1t0Y6n5jLrGQbkb4urgPE/0Rve+1kMB1v/oWgHgm4WIcV+i7F2pTVj+2iQ==}
    engines: {node: '>=0.10.0'}

  redis-errors@1.2.0:
    resolution: {integrity: sha512-1qny3OExCf0UvUV/5wpYKf2YwPcOqXzkwKKSmKHiE6ZMQs5heeE/c8eXK+PNllPvmjgAbfnsbpkGZWy8cBpn9w==}
    engines: {node: '>=4'}

  redis-parser@3.0.0:
    resolution: {integrity: sha512-DJnGAeenTdpMEH6uAJRK/uiyEIH9WVsUmoLwzudwGJUwZPp80PDBWPHXSAGNPwNvIXAbe7MSUB1zQFugFml66A==}
    engines: {node: '>=4'}

  sanitize-html@2.13.0:
    resolution: {integrity: sha512-Xff91Z+4Mz5QiNSLdLWwjgBDm5b1RU6xBT0+12rapjiaR7SwfRdjw8f+6Rir2MXKLrDicRFHdb51hGOAxmsUIA==}

  scheduler@0.23.2:
    resolution: {integrity: sha512-UOShsPwz7NrMUqhR6t0hWjFduvOzbtv7toDH1/hIrfRNIDBnnBWd0CwJTGvTpngVlmwGCdP9/Zl/tVrDqcuYzQ==}

  source-map-js@1.2.0:
    resolution: {integrity: sha512-itJW8lvSA0TXEphiRoawsCksnlf8SyvmFzIhltqAHluXd88pkCd+cXJVHTDwdCr0IzwptSm035IHQktUu1QUMg==}
    engines: {node: '>=0.10.0'}

  standard-as-callback@2.1.0:
    resolution: {integrity: sha512-qoRRSyROncaz1z0mvYqIE4lCd9p2R90i6GxW3uZv5ucSu8tU7B5HXUP1gG8pVZsYNVaXjk8ClXHPttLyxAL48A==}

  streamsearch@1.1.0:
    resolution: {integrity: sha512-Mcc5wHehp9aXz1ax6bZUyY5afg9u2rv5cqQI3mRrYkGC8rW2hM02jWuwjtL++LS5qinSyhj2QfLyNsuc+VsExg==}
    engines: {node: '>=10.0.0'}

  styled-jsx@5.1.1:
    resolution: {integrity: sha512-pW7uC1l4mBZ8ugbiZrcIsiIvVx1UmTfw7UkC3Um2tmfUq9Bhk8IiyEIPl6F8agHgjzku6j0xQEZbfA5uSgSaCw==}
    engines: {node: '>= 12.0.0'}
    peerDependencies:
      '@babel/core': '*'
      babel-plugin-macros: '*'
      react: '>= 16.8.0 || 17.x.x || ^18.0.0-0'
    peerDependenciesMeta:
      '@babel/core':
        optional: true
      babel-plugin-macros:
        optional: true

  tslib@2.7.0:
    resolution: {integrity: sha512-gLXCKdN1/j47AiHiOkJN69hJmcbGTHI0ImLmbYLHykhgeN0jVGola9yVjFgzCUklsZQMW55o+dW7IXv3RCXDzA==}

  use-intl@3.19.0:
    resolution: {integrity: sha512-JOA73+YdtArxkvFKrneLAhH55m+x+sA9Wj8w8rYkHkHvcW/76w5T3szSmBG063vH3UqLoIKlsDVBBUfpkB7GMg==}
    peerDependencies:
      react: ^16.8.0 || ^17.0.0 || ^18.0.0

  zod@3.23.8:
    resolution: {integrity: sha512-XBx9AXhXktjUqnepgTiE5flcKIYWi/rme0Eaj+5Y0lftuGBq+jyRu/md4WnuxqgP1ubdpNCsYEYPxrzVHD8d6g==}

snapshots:

  '@auth/core@0.34.2':
    dependencies:
      '@panva/hkdf': 1.2.1
      '@types/cookie': 0.6.0
      cookie: 0.6.0
      jose: 5.8.0
      oauth4webapi: 2.12.0
      preact: 10.11.3
      preact-render-to-string: 5.2.3(preact@10.11.3)

  '@formatjs/ecma402-abstract@2.0.0':
    dependencies:
      '@formatjs/intl-localematcher': 0.5.4
      tslib: 2.7.0

  '@formatjs/fast-memoize@2.2.0':
    dependencies:
      tslib: 2.7.0

  '@formatjs/icu-messageformat-parser@2.7.8':
    dependencies:
      '@formatjs/ecma402-abstract': 2.0.0
      '@formatjs/icu-skeleton-parser': 1.8.2
      tslib: 2.7.0

  '@formatjs/icu-skeleton-parser@1.8.2':
    dependencies:
      '@formatjs/ecma402-abstract': 2.0.0
      tslib: 2.7.0

  '@formatjs/intl-localematcher@0.5.4':
    dependencies:
      tslib: 2.7.0

  '@ioredis/commands@1.2.0': {}

  '@next/env@14.2.7': {}

  '@next/swc-darwin-arm64@14.2.7':
    optional: true

  '@next/swc-darwin-x64@14.2.7':
    optional: true

  '@next/swc-linux-arm64-gnu@14.2.7':
    optional: true

  '@next/swc-linux-arm64-musl@14.2.7':
    optional: true

  '@next/swc-linux-x64-gnu@14.2.7':
    optional: true

  '@next/swc-linux-x64-musl@14.2.7':
    optional: true

  '@next/swc-win32-arm64-msvc@14.2.7':
    optional: true

  '@next/swc-win32-ia32-msvc@14.2.7':
    optional: true

  '@next/swc-win32-x64-msvc@14.2.7':
    optional: true

  '@panva/hkdf@1.2.1': {}

  '@swc/counter@0.1.3': {}

  '@swc/helpers@0.5.5':
    dependencies:
      '@swc/counter': 0.1.3
      tslib: 2.7.0

  '@types/cookie@0.6.0': {}

  busboy@1.6.0:
    dependencies:
      streamsearch: 1.1.0

  caniuse-lite@1.0.30001655: {}

  client-only@0.0.1: {}

  cluster-key-slot@1.1.2: {}

  cookie@0.6.0: {}

  dayjs@1.11.13: {}

  debug@4.3.6:
    dependencies:
      ms: 2.1.2

  deepmerge@4.3.1: {}

  denque@2.1.0: {}

  dom-serializer@2.0.0:
    dependencies:
      domelementtype: 2.3.0
      domhandler: 5.0.3
      entities: 4.5.0

  domelementtype@2.3.0: {}

  domhandler@5.0.3:
    dependencies:
      domelementtype: 2.3.0

  domutils@3.1.0:
    dependencies:
      dom-serializer: 2.0.0
      domelementtype: 2.3.0
      domhandler: 5.0.3

  entities@4.5.0: {}

  escape-string-regexp@4.0.0: {}

  graceful-fs@4.2.11: {}

  htmlparser2@8.0.2:
    dependencies:
      domelementtype: 2.3.0
      domhandler: 5.0.3
      domutils: 3.1.0
      entities: 4.5.0

  intl-messageformat@10.5.14:
    dependencies:
      '@formatjs/ecma402-abstract': 2.0.0
      '@formatjs/fast-memoize': 2.2.0
      '@formatjs/icu-messageformat-parser': 2.7.8
      tslib: 2.7.0

  ioredis@5.4.1:
    dependencies:
      '@ioredis/commands': 1.2.0
      cluster-key-slot: 1.1.2
      debug: 4.3.6
      denque: 2.1.0
      lodash.defaults: 4.2.0
      lodash.isarguments: 3.1.0
      redis-errors: 1.2.0
      redis-parser: 3.0.0
      standard-as-callback: 2.1.0
    transitivePeerDependencies:
      - supports-color

  is-plain-object@5.0.0: {}

  jose@5.8.0: {}

  js-tokens@4.0.0: {}

  lodash.defaults@4.2.0: {}

  lodash.isarguments@3.1.0: {}

  loose-envify@1.4.0:
    dependencies:
      js-tokens: 4.0.0

  marked@14.1.0: {}

  mime@4.0.4: {}

  ms@2.1.2: {}

  nanoid@3.3.7: {}

  negotiator@0.6.3: {}

  next-auth@5.0.0-beta.20(next@14.2.7(react-dom@18.3.1(react@18.3.1))(react@18.3.1))(react@18.3.1):
    dependencies:
      '@auth/core': 0.34.2
      next: 14.2.7(react-dom@18.3.1(react@18.3.1))(react@18.3.1)
      react: 18.3.1

  next-intl@3.19.0(next@14.2.7(react-dom@18.3.1(react@18.3.1))(react@18.3.1))(react@18.3.1):
    dependencies:
      '@formatjs/intl-localematcher': 0.5.4
      negotiator: 0.6.3
      next: 14.2.7(react-dom@18.3.1(react@18.3.1))(react@18.3.1)
      react: 18.3.1
      use-intl: 3.19.0(react@18.3.1)

  next@14.2.7(react-dom@18.3.1(react@18.3.1))(react@18.3.1):
    dependencies:
      '@next/env': 14.2.7
      '@swc/helpers': 0.5.5
      busboy: 1.6.0
      caniuse-lite: 1.0.30001655
      graceful-fs: 4.2.11
      postcss: 8.4.31
      react: 18.3.1
      react-dom: 18.3.1(react@18.3.1)
      styled-jsx: 5.1.1(react@18.3.1)
    optionalDependencies:
      '@next/swc-darwin-arm64': 14.2.7
      '@next/swc-darwin-x64': 14.2.7
      '@next/swc-linux-arm64-gnu': 14.2.7
      '@next/swc-linux-arm64-musl': 14.2.7
      '@next/swc-linux-x64-gnu': 14.2.7
      '@next/swc-linux-x64-musl': 14.2.7
      '@next/swc-win32-arm64-msvc': 14.2.7
      '@next/swc-win32-ia32-msvc': 14.2.7
      '@next/swc-win32-x64-msvc': 14.2.7
    transitivePeerDependencies:
      - '@babel/core'
      - babel-plugin-macros

  oauth4webapi@2.12.0: {}

  parse-srcset@1.0.2: {}

  picocolors@1.1.0: {}

  postcss@8.4.31:
    dependencies:
      nanoid: 3.3.7
      picocolors: 1.1.0
      source-map-js: 1.2.0

  preact-render-to-string@5.2.3(preact@10.11.3):
    dependencies:
      preact: 10.11.3
      pretty-format: 3.8.0

  preact@10.11.3: {}

  pretty-format@3.8.0: {}

  react-dom@18.3.1(react@18.3.1):
    dependencies:
      loose-envify: 1.4.0
      react: 18.3.1
      scheduler: 0.23.2

  react@18.3.1:
    dependencies:
      loose-envify: 1.4.0

  redis-errors@1.2.0: {}

  redis-parser@3.0.0:
    dependencies:
      redis-errors: 1.2.0

  sanitize-html@2.13.0:
    dependencies:
      deepmerge: 4.3.1
      escape-string-regexp: 4.0.0
      htmlparser2: 8.0.2
      is-plain-object: 5.0.0
      parse-srcset: 1.0.2
      postcss: 8.4.31

  scheduler@0.23.2:
    dependencies:
      loose-envify: 1.4.0

  source-map-js@1.2.0: {}

  standard-as-callback@2.1.0: {}

  streamsearch@1.1.0: {}

  styled-jsx@5.1.1(react@18.3.1):
    dependencies:
      client-only: 0.0.1
      react: 18.3.1

  tslib@2.7.0: {}

  use-intl@3.19.0(react@18.3.1):
    dependencies:
      '@formatjs/fast-memoize': 2.2.0
      intl-messageformat: 10.5.14
      react: 18.3.1

  zod@3.23.8: {}
